
Microsoft Visual Studio Solution File, Format Version 12.00
# Visual Studio Version 17
VisualStudioVersion = 17.2.32616.157
MinimumVisualStudioVersion = 10.0.40219.1
Project("{9A19103F-16F7-4668-BE54-9A1E7A4F7556}") = "elisarts.identity", "src\services\elisarts.identity\elisarts.identity.csproj", "{E97FA2AC-9949-4074-B536-03A93B29CF5B}"
EndProject
Global
	GlobalSection(SolutionConfigurationPlatforms) = preSolution
		Debug|Any CPU = Debug|Any CPU
		Release|Any CPU = Release|Any CPU
	EndGlobalSection
	GlobalSection(ProjectConfigurationPlatforms) = postSolution
		{E97FA2AC-9949-4074-B536-03A93B29CF5B}.Debug|Any CPU.ActiveCfg = Debug|Any CPU
		{E97FA2AC-9949-4074-B536-03A93B29CF5B}.Debug|Any CPU.Build.0 = Debug|Any CPU
		{E97FA2AC-9949-4074-B536-03A93B29CF5B}.Release|Any CPU.ActiveCfg = Release|Any CPU
		{E97FA2AC-9949-4074-B536-03A93B29CF5B}.Release|Any CPU.Build.0 = Release|Any CPU
	EndGlobalSection
	GlobalSection(SolutionProperties) = preSolution
		HideSolutionNode = FALSE
	EndGlobalSection
	GlobalSection(ExtensibilityGlobals) = postSolution
		SolutionGuid = {D00BFF5D-6EEE-4397-B986-A16D47530BDA}
	EndGlobalSection
EndGlobal
